Microsoft Visual Studio Solution File, Format Version 12.00
# Visual Studio Version 17
VisualStudioVersion = 17.5.2.0
MinimumVisualStudioVersion = 10.0.40219.1
Project("{FAE04EC0-301F-11D3-BF4B-00C04F79EFBC}") = "examen_parcial_programacion1", "examen_parcial_programacion1.csproj", "{16387FDB-2CCB-D59B-5B57-7A08897E8064}"
EndProject
Global
	GlobalSection(SolutionConfigurationPlatforms) = preSolution
		Debug|Any CPU = Debug|Any CPU
		Release|Any CPU = Release|Any CPU
	EndGlobalSection
	GlobalSection(ProjectConfigurationPlatforms) = postSolution
		{16387FDB-2CCB-D59B-5B57-7A08897E8064}.Debug|Any CPU.ActiveCfg = Debug|Any CPU
		{16387FDB-2CCB-D59B-5B57-7A08897E8064}.Debug|Any CPU.Build.0 = Debug|Any CPU
		{16387FDB-2CCB-D59B-5B57-7A08897E8064}.Release|Any CPU.ActiveCfg = Release|Any CPU
		{16387FDB-2CCB-D59B-5B57-7A08897E8064}.Release|Any CPU.Build.0 = Release|Any CPU
	EndGlobalSection
	GlobalSection(SolutionProperties) = preSolution
		HideSolutionNode = FALSE
	EndGlobalSection
	GlobalSection(ExtensibilityGlobals) = postSolution
		SolutionGuid = {3A8CFA1A-89BE-49C9-8C90-ED69B9D27399}
	EndGlobalSection
EndGlobal
